
Microsoft Visual Studio Solution File, Format Version 12.00
# Visual Studio 15
Project("{FAE04EC0-301F-11D3-BF4B-00C04F79EFBC}") = "KFUPMSS.Android", "KFUPMSS.Android\KFUPMSS.Android.csproj", "{D357C4A8-C68B-4CD6-B407-37E19A294B0A}"
EndProject
Project("{FAE04EC0-301F-11D3-BF4B-00C04F79EFBC}") = "KFUPMSS.iOS", "KFUPMSS.iOS\KFUPMSS.iOS.csproj", "{ACD946CB-CD5D-4FC9-AB70-13A5BF32A325}"
EndProject
Project("{FAE04EC0-301F-11D3-BF4B-00C04F79EFBC}") = "KFUPMSS", "KFUPMSS\KFUPMSS.csproj", "{D13AD105-F40B-4B12-9EFD-D716448DDE9D}"
EndProject
Global
	GlobalSection(SolutionConfigurationPlatforms) = preSolution
		Debug|Any CPU = Debug|Any CPU
		Release|Any CPU = Release|Any CPU
		Debug|iPhoneSimulator = Debug|iPhoneSimulator
		Release|iPhoneSimulator = Release|iPhoneSimulator
		Debug|iPhone = Debug|iPhone
		Release|iPhone = Release|iPhone
		Ad-Hoc|iPhone = Ad-Hoc|iPhone
		AppStore|iPhone = AppStore|iPhone
	EndGlobalSection
	GlobalSection(ProjectConfigurationPlatforms) = postSolution
		{D357C4A8-C68B-4CD6-B407-37E19A294B0A}.Debug|Any CPU.ActiveCfg = Debug|Any CPU
		{D357C4A8-C68B-4CD6-B407-37E19A294B0A}.Debug|Any CPU.Build.0 = Debug|Any CPU
		{D357C4A8-C68B-4CD6-B407-37E19A294B0A}.Release|Any CPU.ActiveCfg = Release|Any CPU
		{D357C4A8-C68B-4CD6-B407-37E19A294B0A}.Release|Any CPU.Build.0 = Release|Any CPU
		{D357C4A8-C68B-4CD6-B407-37E19A294B0A}.Debug|iPhoneSimulator.ActiveCfg = Debug|Any CPU
		{D357C4A8-C68B-4CD6-B407-37E19A294B0A}.Debug|iPhoneSimulator.Build.0 = Debug|Any CPU
		{D357C4A8-C68B-4CD6-B407-37E19A294B0A}.Release|iPhoneSimulator.ActiveCfg = Release|Any CPU
		{D357C4A8-C68B-4CD6-B407-37E19A294B0A}.Release|iPhoneSimulator.Build.0 = Release|Any CPU
		{D357C4A8-C68B-4CD6-B407-37E19A294B0A}.Debug|iPhone.ActiveCfg = Debug|Any CPU
		{D357C4A8-C68B-4CD6-B407-37E19A294B0A}.Debug|iPhone.Build.0 = Debug|Any CPU
		{D357C4A8-C68B-4CD6-B407-37E19A294B0A}.Release|iPhone.ActiveCfg = Release|Any CPU
		{D357C4A8-C68B-4CD6-B407-37E19A294B0A}.Release|iPhone.Build.0 = Release|Any CPU
		{D357C4A8-C68B-4CD6-B407-37E19A294B0A}.Ad-Hoc|iPhone.ActiveCfg = Debug|Any CPU
		{D357C4A8-C68B-4CD6-B407-37E19A294B0A}.Ad-Hoc|iPhone.Build.0 = Debug|Any CPU
		{D357C4A8-C68B-4CD6-B407-37E19A294B0A}.AppStore|iPhone.ActiveCfg = Debug|Any CPU
		{D357C4A8-C68B-4CD6-B407-37E19A294B0A}.AppStore|iPhone.Build.0 = Debug|Any CPU
		{ACD946CB-CD5D-4FC9-AB70-13A5BF32A325}.Debug|Any CPU.ActiveCfg = Debug|iPhoneSimulator
		{ACD946CB-CD5D-4FC9-AB70-13A5BF32A325}.Debug|Any CPU.Build.0 = Debug|iPhoneSimulator
		{ACD946CB-CD5D-4FC9-AB70-13A5BF32A325}.Release|Any CPU.ActiveCfg = Release|iPhoneSimulator
		{ACD946CB-CD5D-4FC9-AB70-13A5BF32A325}.Release|Any CPU.Build.0 = Release|iPhoneSimulator
		{ACD946CB-CD5D-4FC9-AB70-13A5BF32A325}.Debug|iPhoneSimulator.ActiveCfg = Debug|iPhoneSimulator
		{ACD946CB-CD5D-4FC9-AB70-13A5BF32A325}.Debug|iPhoneSimulator.Build.0 = Debug|iPhoneSimulator
		{ACD946CB-CD5D-4FC9-AB70-13A5BF32A325}.Release|iPhoneSimulator.ActiveCfg = Release|iPhoneSimulator
		{ACD946CB-CD5D-4FC9-AB70-13A5BF32A325}.Release|iPhoneSimulator.Build.0 = Release|iPhoneSimulator
		{ACD946CB-CD5D-4FC9-AB70-13A5BF32A325}.Debug|iPhone.ActiveCfg = Debug|iPhone
		{ACD946CB-CD5D-4FC9-AB70-13A5BF32A325}.Debug|iPhone.Build.0 = Debug|iPhone
		{ACD946CB-CD5D-4FC9-AB70-13A5BF32A325}.Release|iPhone.ActiveCfg = Release|iPhone
		{ACD946CB-CD5D-4FC9-AB70-13A5BF32A325}.Release|iPhone.Build.0 = Release|iPhone
		{ACD946CB-CD5D-4FC9-AB70-13A5BF32A325}.Ad-Hoc|iPhone.ActiveCfg = Ad-Hoc|iPhone
		{ACD946CB-CD5D-4FC9-AB70-13A5BF32A325}.Ad-Hoc|iPhone.Build.0 = Ad-Hoc|iPhone
		{ACD946CB-CD5D-4FC9-AB70-13A5BF32A325}.AppStore|iPhone.ActiveCfg = AppStore|iPhone
		{ACD946CB-CD5D-4FC9-AB70-13A5BF32A325}.AppStore|iPhone.Build.0 = AppStore|iPhone
		{D13AD105-F40B-4B12-9EFD-D716448DDE9D}.Debug|Any CPU.ActiveCfg = Debug|Any CPU
		{D13AD105-F40B-4B12-9EFD-D716448DDE9D}.Debug|Any CPU.Build.0 = Debug|Any CPU
		{D13AD105-F40B-4B12-9EFD-D716448DDE9D}.Release|Any CPU.ActiveCfg = Release|Any CPU
		{D13AD105-F40B-4B12-9EFD-D716448DDE9D}.Release|Any CPU.Build.0 = Release|Any CPU
		{D13AD105-F40B-4B12-9EFD-D716448DDE9D}.Debug|iPhoneSimulator.ActiveCfg = Debug|Any CPU
		{D13AD105-F40B-4B12-9EFD-D716448DDE9D}.Debug|iPhoneSimulator.Build.0 = Debug|Any CPU
		{D13AD105-F40B-4B12-9EFD-D716448DDE9D}.Release|iPhoneSimulator.ActiveCfg = Release|Any CPU
		{D13AD105-F40B-4B12-9EFD-D716448DDE9D}.Release|iPhoneSimulator.Build.0 = Release|Any CPU
		{D13AD105-F40B-4B12-9EFD-D716448DDE9D}.Debug|iPhone.ActiveCfg = Debug|Any CPU
		{D13AD105-F40B-4B12-9EFD-D716448DDE9D}.Debug|iPhone.Build.0 = Debug|Any CPU
		{D13AD105-F40B-4B12-9EFD-D716448DDE9D}.Release|iPhone.ActiveCfg = Release|Any CPU
		{D13AD105-F40B-4B12-9EFD-D716448DDE9D}.Release|iPhone.Build.0 = Release|Any CPU
		{D13AD105-F40B-4B12-9EFD-D716448DDE9D}.Ad-Hoc|iPhone.ActiveCfg = Debug|Any CPU
		{D13AD105-F40B-4B12-9EFD-D716448DDE9D}.Ad-Hoc|iPhone.Build.0 = Debug|Any CPU
		{D13AD105-F40B-4B12-9EFD-D716448DDE9D}.AppStore|iPhone.ActiveCfg = Debug|Any CPU
		{D13AD105-F40B-4B12-9EFD-D716448DDE9D}.AppStore|iPhone.Build.0 = Debug|Any CPU
	EndGlobalSection
EndGlobal
